
Microsoft Visual Studio Solution File, Format Version 12.00
# Visual Studio 15
Project("{FAE04EC0-301F-11D3-BF4B-00C04F79EFBC}") = "Assembly-CSharp", "Assembly-CSharp.csproj", "{34953BB2-C5CE-DF64-1B3E-1ADBF02957E2}"
EndProject
Project("{FAE04EC0-301F-11D3-BF4B-00C04F79EFBC}") = "Assembly-CSharp-Editor", "Assembly-CSharp-Editor.csproj", "{6F3FCB2B-059C-E935-8E65-42DA89FA2C72}"
EndProject
Global
	GlobalSection(SolutionConfigurationPlatforms) = preSolution
		Debug|Any CPU = Debug|Any CPU
		Release|Any CPU = Release|Any CPU
	EndGlobalSection
	GlobalSection(ProjectConfigurationPlatforms) = postSolution
		{34953BB2-C5CE-DF64-1B3E-1ADBF02957E2}.Debug|Any CPU.ActiveCfg = Debug|Any CPU
		{34953BB2-C5CE-DF64-1B3E-1ADBF02957E2}.Debug|Any CPU.Build.0 = Debug|Any CPU
		{34953BB2-C5CE-DF64-1B3E-1ADBF02957E2}.Release|Any CPU.ActiveCfg = Release|Any CPU
		{34953BB2-C5CE-DF64-1B3E-1ADBF02957E2}.Release|Any CPU.Build.0 = Release|Any CPU
		{6F3FCB2B-059C-E935-8E65-42DA89FA2C72}.Debug|Any CPU.ActiveCfg = Debug|Any CPU
		{6F3FCB2B-059C-E935-8E65-42DA89FA2C72}.Debug|Any CPU.Build.0 = Debug|Any CPU
		{6F3FCB2B-059C-E935-8E65-42DA89FA2C72}.Release|Any CPU.ActiveCfg = Release|Any CPU
		{6F3FCB2B-059C-E935-8E65-42DA89FA2C72}.Release|Any CPU.Build.0 = Release|Any CPU
	EndGlobalSection
	GlobalSection(SolutionProperties) = preSolution
		HideSolutionNode = FALSE
	EndGlobalSection
EndGlobal
